
Microsoft Visual Studio Solution File, Format Version 12.00
# Visual Studio Version 17
VisualStudioVersion = 17.13.35913.81 d17.13
MinimumVisualStudioVersion = 10.0.40219.1
Project("{FAE04EC0-301F-11D3-BF4B-00C04F79EFBC}") = "EmptyWebApi2", "EmptyWebApi2.csproj", "{1607205F-1DE5-4848-B548-73DF9D184ED4}"
EndProject
Global
	GlobalSection(SolutionConfigurationPlatforms) = preSolution
		Debug|Any CPU = Debug|Any CPU
		Release|Any CPU = Release|Any CPU
	EndGlobalSection
	GlobalSection(ProjectConfigurationPlatforms) = postSolution
		{1607205F-1DE5-4848-B548-73DF9D184ED4}.Debug|Any CPU.ActiveCfg = Debug|Any CPU
		{1607205F-1DE5-4848-B548-73DF9D184ED4}.Debug|Any CPU.Build.0 = Debug|Any CPU
		{1607205F-1DE5-4848-B548-73DF9D184ED4}.Release|Any CPU.ActiveCfg = Release|Any CPU
		{1607205F-1DE5-4848-B548-73DF9D184ED4}.Release|Any CPU.Build.0 = Release|Any CPU
	EndGlobalSection
	GlobalSection(SolutionProperties) = preSolution
		HideSolutionNode = FALSE
	EndGlobalSection
	GlobalSection(ExtensibilityGlobals) = postSolution
		SolutionGuid = {ACDAB281-54C8-4CDF-AD21-D0E279761C85}
	EndGlobalSection
EndGlobal
